
Microsoft Visual Studio Solution File, Format Version 12.00
# Visual Studio 2012
Project("{FAE04EC0-301F-11D3-BF4B-00C04F79EFBC}") = "RectangleC", "RectangleC\RectangleC.csproj", "{DAB2F482-45AB-4E93-9C32-C75072D60828}"
EndProject
Global
	GlobalSection(SolutionConfigurationPlatforms) = preSolution
		Debug|Any CPU = Debug|Any CPU
		Release|Any CPU = Release|Any CPU
	EndGlobalSection
	GlobalSection(ProjectConfigurationPlatforms) = postSolution
		{DAB2F482-45AB-4E93-9C32-C75072D60828}.Debug|Any CPU.ActiveCfg = Debug|Any CPU
		{DAB2F482-45AB-4E93-9C32-C75072D60828}.Debug|Any CPU.Build.0 = Debug|Any CPU
		{DAB2F482-45AB-4E93-9C32-C75072D60828}.Release|Any CPU.ActiveCfg = Release|Any CPU
		{DAB2F482-45AB-4E93-9C32-C75072D60828}.Release|Any CPU.Build.0 = Release|Any CPU
	EndGlobalSection
	GlobalSection(SolutionProperties) = preSolution
		HideSolutionNode = FALSE
	EndGlobalSection
EndGlobal
